// !$*UTF8*$!
{
	archiveVersion = 1;
	classes = {
	};
	objectVersion = 46;
	objects = {

/* Begin PBXBuildFile section */
		2A18B3701D5E5E2E00AC312F /* DelegateProxyTests.swift in Sources */ = {isa = PBXBuildFile; fileRef = 2A18B34E1D5E599500AC312F /* DelegateProxyTests.swift */; };
		2A18B3711D5E5E2E00AC312F /* DelegateForwardableTests.swift in Sources */ = {isa = PBXBuildFile; fileRef = 2A18B34D1D5E599500AC312F /* DelegateForwardableTests.swift */; };
		2A18B3721D5E5E2E00AC312F /* DelegateTester.swift in Sources */ = {isa = PBXBuildFile; fileRef = 2A18B35F1D5E5B9B00AC312F /* DelegateTester.swift */; };
		2A8EE2381D5F8B9C00C2985E /* DelegateProxy.swift in Sources */ = {isa = PBXBuildFile; fileRef = 2A18B33C1D5E598300AC312F /* DelegateProxy.swift */; };
		2A8EE2391D5F8B9C00C2985E /* Arguments.swift in Sources */ = {isa = PBXBuildFile; fileRef = 2A18B3391D5E598300AC312F /* Arguments.swift */; };
		2A8EE23A1D5F8B9C00C2985E /* Receivable.swift in Sources */ = {isa = PBXBuildFile; fileRef = 2A18B3421D5E598300AC312F /* Receivable.swift */; };
		2A8EE23B1D5F8B9C00C2985E /* Receiver.swift in Sources */ = {isa = PBXBuildFile; fileRef = 2A18B3431D5E598300AC312F /* Receiver.swift */; };
		2A8EE23C1D5F8B9C00C2985E /* DelegateForwardable.swift in Sources */ = {isa = PBXBuildFile; fileRef = 2A18B33A1D5E598300AC312F /* DelegateForwardable.swift */; };
		2A8EE23D1D5F8B9C00C2985E /* DPDelegateProxy.m in Sources */ = {isa = PBXBuildFile; fileRef = 2A18B33E1D5E598300AC312F /* DPDelegateProxy.m */; };
		2A8EE23E1D5F8B9C00C2985E /* DPRuntime.m in Sources */ = {isa = PBXBuildFile; fileRef = 2A18B3401D5E598300AC312F /* DPRuntime.m */; };
		2A8EE23F1D5F8BAA00C2985E /* DelegateProxy.h in Headers */ = {isa = PBXBuildFile; fileRef = 2A18B33B1D5E598300AC312F /* DelegateProxy.h */; settings = {ATTRIBUTES = (Public, ); }; };
		2A8EE2401D5F8BAA00C2985E /* DPDelegateProxy.h in Headers */ = {isa = PBXBuildFile; fileRef = 2A18B33D1D5E598300AC312F /* DPDelegateProxy.h */; settings = {ATTRIBUTES = (Public, ); }; };
		2A8EE2411D5F8BAA00C2985E /* DPRuntime.h in Headers */ = {isa = PBXBuildFile; fileRef = 2A18B33F1D5E598300AC312F /* DPRuntime.h */; settings = {ATTRIBUTES = (Public, ); }; };
		2A8EE29C1D5F902600C2985E /* DelegateProxy.swift in Sources */ = {isa = PBXBuildFile; fileRef = 2A18B33C1D5E598300AC312F /* DelegateProxy.swift */; };
		2A8EE29D1D5F902600C2985E /* Arguments.swift in Sources */ = {isa = PBXBuildFile; fileRef = 2A18B3391D5E598300AC312F /* Arguments.swift */; };
		2A8EE29E1D5F902600C2985E /* Receivable.swift in Sources */ = {isa = PBXBuildFile; fileRef = 2A18B3421D5E598300AC312F /* Receivable.swift */; };
		2A8EE29F1D5F902600C2985E /* Receiver.swift in Sources */ = {isa = PBXBuildFile; fileRef = 2A18B3431D5E598300AC312F /* Receiver.swift */; };
		2A8EE2A01D5F902600C2985E /* DelegateForwardable.swift in Sources */ = {isa = PBXBuildFile; fileRef = 2A18B33A1D5E598300AC312F /* DelegateForwardable.swift */; };
		2A8EE2A11D5F902600C2985E /* DPDelegateProxy.m in Sources */ = {isa = PBXBuildFile; fileRef = 2A18B33E1D5E598300AC312F /* DPDelegateProxy.m */; };
		2A8EE2A21D5F902600C2985E /* DPRuntime.m in Sources */ = {isa = PBXBuildFile; fileRef = 2A18B3401D5E598300AC312F /* DPRuntime.m */; };
		2A8EE2A31D5F903700C2985E /* DelegateProxy.h in Headers */ = {isa = PBXBuildFile; fileRef = 2A18B33B1D5E598300AC312F /* DelegateProxy.h */; settings = {ATTRIBUTES = (Public, ); }; };
		2A8EE2A41D5F903700C2985E /* DPDelegateProxy.h in Headers */ = {isa = PBXBuildFile; fileRef = 2A18B33D1D5E598300AC312F /* DPDelegateProxy.h */; settings = {ATTRIBUTES = (Public, ); }; };
		2A8EE2A51D5F903700C2985E /* DPRuntime.h in Headers */ = {isa = PBXBuildFile; fileRef = 2A18B33F1D5E598300AC312F /* DPRuntime.h */; settings = {ATTRIBUTES = (Public, ); }; };
		2A8EE2AF1D5F908800C2985E /* DelegateProxy.framework in Frameworks */ = {isa = PBXBuildFile; fileRef = 2A8EE28E1D5F8F9100C2985E /* DelegateProxy.framework */; };
		2A8EE2B71D5F90B500C2985E /* Info.plist in Resources */ = {isa = PBXBuildFile; fileRef = 2A8EE2B61D5F90B500C2985E /* Info.plist */; };
		2A8EE2B81D5F919F00C2985E /* DelegateProxyTests.swift in Sources */ = {isa = PBXBuildFile; fileRef = 2A18B34E1D5E599500AC312F /* DelegateProxyTests.swift */; };
		2A8EE2B91D5F919F00C2985E /* DelegateForwardableTests.swift in Sources */ = {isa = PBXBuildFile; fileRef = 2A18B34D1D5E599500AC312F /* DelegateForwardableTests.swift */; };
		2A8EE2BA1D5F919F00C2985E /* DelegateTester.swift in Sources */ = {isa = PBXBuildFile; fileRef = 2A18B35F1D5E5B9B00AC312F /* DelegateTester.swift */; };
		2A8EE2C81D5F920900C2985E /* DelegateProxy.swift in Sources */ = {isa = PBXBuildFile; fileRef = 2A18B33C1D5E598300AC312F /* DelegateProxy.swift */; };
		2A8EE2C91D5F920900C2985E /* Arguments.swift in Sources */ = {isa = PBXBuildFile; fileRef = 2A18B3391D5E598300AC312F /* Arguments.swift */; };
		2A8EE2CA1D5F920900C2985E /* Receivable.swift in Sources */ = {isa = PBXBuildFile; fileRef = 2A18B3421D5E598300AC312F /* Receivable.swift */; };
		2A8EE2CB1D5F920900C2985E /* Receiver.swift in Sources */ = {isa = PBXBuildFile; fileRef = 2A18B3431D5E598300AC312F /* Receiver.swift */; };
		2A8EE2CC1D5F920900C2985E /* DelegateForwardable.swift in Sources */ = {isa = PBXBuildFile; fileRef = 2A18B33A1D5E598300AC312F /* DelegateForwardable.swift */; };
		2A8EE2CD1D5F920900C2985E /* DPDelegateProxy.m in Sources */ = {isa = PBXBuildFile; fileRef = 2A18B33E1D5E598300AC312F /* DPDelegateProxy.m */; };
		2A8EE2CE1D5F920900C2985E /* DPRuntime.m in Sources */ = {isa = PBXBuildFile; fileRef = 2A18B3401D5E598300AC312F /* DPRuntime.m */; };
		2A8EE2CF1D5F921E00C2985E /* DelegateProxy.h in Headers */ = {isa = PBXBuildFile; fileRef = 2A18B33B1D5E598300AC312F /* DelegateProxy.h */; settings = {ATTRIBUTES = (Public, ); }; };
		2A8EE2D01D5F921E00C2985E /* DPDelegateProxy.h in Headers */ = {isa = PBXBuildFile; fileRef = 2A18B33D1D5E598300AC312F /* DPDelegateProxy.h */; settings = {ATTRIBUTES = (Public, ); }; };
		2A8EE2D11D5F921E00C2985E /* DPRuntime.h in Headers */ = {isa = PBXBuildFile; fileRef = 2A18B33F1D5E598300AC312F /* DPRuntime.h */; settings = {ATTRIBUTES = (Public, ); }; };
		2A8EE2D41D5F923C00C2985E /* Info.plist in Resources */ = {isa = PBXBuildFile; fileRef = 2A8EE2D31D5F923C00C2985E /* Info.plist */; };
		2A8EE2DE1D5F92DF00C2985E /* DelegateProxy.framework in Frameworks */ = {isa = PBXBuildFile; fileRef = 2A8EE2C01D5F91F000C2985E /* DelegateProxy.framework */; };
		2A8EE2E61D5F92F600C2985E /* Info.plist in Resources */ = {isa = PBXBuildFile; fileRef = 2A8EE2E51D5F92F600C2985E /* Info.plist */; };
		2A8EE2E71D5F930A00C2985E /* DelegateProxyTests.swift in Sources */ = {isa = PBXBuildFile; fileRef = 2A18B34E1D5E599500AC312F /* DelegateProxyTests.swift */; };
		2A8EE2E81D5F930A00C2985E /* DelegateForwardableTests.swift in Sources */ = {isa = PBXBuildFile; fileRef = 2A18B34D1D5E599500AC312F /* DelegateForwardableTests.swift */; };
		2A8EE2E91D5F930A00C2985E /* DelegateTester.swift in Sources */ = {isa = PBXBuildFile; fileRef = 2A18B35F1D5E5B9B00AC312F /* DelegateTester.swift */; };
		2A8EE2FA1D5F94A600C2985E /* DelegateProxy.swift in Sources */ = {isa = PBXBuildFile; fileRef = 2A18B33C1D5E598300AC312F /* DelegateProxy.swift */; };
		2A8EE2FB1D5F94A600C2985E /* Arguments.swift in Sources */ = {isa = PBXBuildFile; fileRef = 2A18B3391D5E598300AC312F /* Arguments.swift */; };
		2A8EE2FC1D5F94A600C2985E /* Receivable.swift in Sources */ = {isa = PBXBuildFile; fileRef = 2A18B3421D5E598300AC312F /* Receivable.swift */; };
		2A8EE2FD1D5F94A600C2985E /* Receiver.swift in Sources */ = {isa = PBXBuildFile; fileRef = 2A18B3431D5E598300AC312F /* Receiver.swift */; };
		2A8EE2FE1D5F94A600C2985E /* DelegateForwardable.swift in Sources */ = {isa = PBXBuildFile; fileRef = 2A18B33A1D5E598300AC312F /* DelegateForwardable.swift */; };
		2A8EE2FF1D5F94A600C2985E /* DPDelegateProxy.m in Sources */ = {isa = PBXBuildFile; fileRef = 2A18B33E1D5E598300AC312F /* DPDelegateProxy.m */; };
		2A8EE3001D5F94A600C2985E /* DPRuntime.m in Sources */ = {isa = PBXBuildFile; fileRef = 2A18B3401D5E598300AC312F /* DPRuntime.m */; };
		2A8EE3011D5F94AD00C2985E /* DelegateProxy.h in Headers */ = {isa = PBXBuildFile; fileRef = 2A18B33B1D5E598300AC312F /* DelegateProxy.h */; settings = {ATTRIBUTES = (Public, ); }; };
		2A8EE3021D5F94AD00C2985E /* DPDelegateProxy.h in Headers */ = {isa = PBXBuildFile; fileRef = 2A18B33D1D5E598300AC312F /* DPDelegateProxy.h */; settings = {ATTRIBUTES = (Public, ); }; };
		2A8EE3031D5F94AD00C2985E /* DPRuntime.h in Headers */ = {isa = PBXBuildFile; fileRef = 2A18B33F1D5E598300AC312F /* DPRuntime.h */; settings = {ATTRIBUTES = (Public, ); }; };
/* End PBXBuildFile section */

/* Begin PBXContainerItemProxy section */
		2A8EE2B01D5F908800C2985E /* PBXContainerItemProxy */ = {
			isa = PBXContainerItemProxy;
			containerPortal = 2A14F8441D57B61B00656679 /* Project object */;
			proxyType = 1;
			remoteGlobalIDString = 2A8EE28D1D5F8F9100C2985E;
			remoteInfo = "DelegateProxy-macOS";
		};
		2A8EE2DF1D5F92DF00C2985E /* PBXContainerItemProxy */ = {
			isa = PBXContainerItemProxy;
			containerPortal = 2A14F8441D57B61B00656679 /* Project object */;
			proxyType = 1;
			remoteGlobalIDString = 2A8EE2BF1D5F91F000C2985E;
			remoteInfo = "DelegateProxy-tvOS";
		};
/* End PBXContainerItemProxy section */

/* Begin PBXFileReference section */
		2A18B3391D5E598300AC312F /* Arguments.swift */ = {isa = PBXFileReference; fileEncoding = 4; lastKnownFileType = sourcecode.swift; path = Arguments.swift; sourceTree = "<group>"; };
		2A18B33A1D5E598300AC312F /* DelegateForwardable.swift */ = {isa = PBXFileReference; fileEncoding = 4; lastKnownFileType = sourcecode.swift; path = DelegateForwardable.swift; sourceTree = "<group>"; };
		2A18B33B1D5E598300AC312F /* DelegateProxy.h */ = {isa = PBXFileReference; fileEncoding = 4; lastKnownFileType = sourcecode.c.h; path = DelegateProxy.h; sourceTree = "<group>"; };
		2A18B33C1D5E598300AC312F /* DelegateProxy.swift */ = {isa = PBXFileReference; fileEncoding = 4; lastKnownFileType = sourcecode.swift; path = DelegateProxy.swift; sourceTree = "<group>"; };
		2A18B33D1D5E598300AC312F /* DPDelegateProxy.h */ = {isa = PBXFileReference; fileEncoding = 4; lastKnownFileType = sourcecode.c.h; path = DPDelegateProxy.h; sourceTree = "<group>"; };
		2A18B33E1D5E598300AC312F /* DPDelegateProxy.m */ = {isa = PBXFileReference; fileEncoding = 4; lastKnownFileType = sourcecode.c.objc; path = DPDelegateProxy.m; sourceTree = "<group>"; };
		2A18B33F1D5E598300AC312F /* DPRuntime.h */ = {isa = PBXFileReference; fileEncoding = 4; lastKnownFileType = sourcecode.c.h; path = DPRuntime.h; sourceTree = "<group>"; };
		2A18B3401D5E598300AC312F /* DPRuntime.m */ = {isa = PBXFileReference; fileEncoding = 4; lastKnownFileType = sourcecode.c.objc; path = DPRuntime.m; sourceTree = "<group>"; };
		2A18B3411D5E598300AC312F /* Info.plist */ = {isa = PBXFileReference; fileEncoding = 4; lastKnownFileType = text.plist.xml; path = Info.plist; sourceTree = "<group>"; };
		2A18B3421D5E598300AC312F /* Receivable.swift */ = {isa = PBXFileReference; fileEncoding = 4; lastKnownFileType = sourcecode.swift; path = Receivable.swift; sourceTree = "<group>"; };
		2A18B3431D5E598300AC312F /* Receiver.swift */ = {isa = PBXFileReference; fileEncoding = 4; lastKnownFileType = sourcecode.swift; path = Receiver.swift; sourceTree = "<group>"; };
		2A18B34D1D5E599500AC312F /* DelegateForwardableTests.swift */ = {isa = PBXFileReference; fileEncoding = 4; lastKnownFileType = sourcecode.swift; path = DelegateForwardableTests.swift; sourceTree = "<group>"; };
		2A18B34E1D5E599500AC312F /* DelegateProxyTests.swift */ = {isa = PBXFileReference; fileEncoding = 4; lastKnownFileType = sourcecode.swift; path = DelegateProxyTests.swift; sourceTree = "<group>"; };
		2A18B35F1D5E5B9B00AC312F /* DelegateTester.swift */ = {isa = PBXFileReference; fileEncoding = 4; lastKnownFileType = sourcecode.swift; path = DelegateTester.swift; sourceTree = "<group>"; };
		2A18B3651D5E5DF200AC312F /* DelegateProxyTests-iOS.xctest */ = {isa = PBXFileReference; explicitFileType = wrapper.cfbundle; includeInIndex = 0; path = "DelegateProxyTests-iOS.xctest"; sourceTree = BUILT_PRODUCTS_DIR; };
		2A8EE2271D5F8AB400C2985E /* DelegateProxy.framework */ = {isa = PBXFileReference; explicitFileType = wrapper.framework; includeInIndex = 0; path = DelegateProxy.framework; sourceTree = BUILT_PRODUCTS_DIR; };
		2A8EE2321D5F8B5600C2985E /* Info.plist */ = {isa = PBXFileReference; fileEncoding = 4; lastKnownFileType = text.plist.xml; path = Info.plist; sourceTree = "<group>"; };
		2A8EE2341D5F8B5600C2985E /* Info.plist */ = {isa = PBXFileReference; fileEncoding = 4; lastKnownFileType = text.plist.xml; path = Info.plist; sourceTree = "<group>"; };
		2A8EE28E1D5F8F9100C2985E /* DelegateProxy.framework */ = {isa = PBXFileReference; explicitFileType = wrapper.framework; includeInIndex = 0; path = DelegateProxy.framework; sourceTree = BUILT_PRODUCTS_DIR; };
		2A8EE29A1D5F8FC400C2985E /* Info.plist */ = {isa = PBXFileReference; fileEncoding = 4; lastKnownFileType = text.plist.xml; path = Info.plist; sourceTree = "<group>"; };
		2A8EE2AA1D5F908800C2985E /* DelegateProxyTests-macOS.xctest */ = {isa = PBXFileReference; explicitFileType = wrapper.cfbundle; includeInIndex = 0; path = "DelegateProxyTests-macOS.xctest"; sourceTree = BUILT_PRODUCTS_DIR; };
		2A8EE2B61D5F90B500C2985E /* Info.plist */ = {isa = PBXFileReference; fileEncoding = 4; lastKnownFileType = text.plist.xml; path = Info.plist; sourceTree = "<group>"; };
		2A8EE2C01D5F91F000C2985E /* DelegateProxy.framework */ = {isa = PBXFileReference; explicitFileType = wrapper.framework; includeInIndex = 0; path = DelegateProxy.framework; sourceTree = BUILT_PRODUCTS_DIR; };
		2A8EE2D31D5F923C00C2985E /* Info.plist */ = {isa = PBXFileReference; fileEncoding = 4; lastKnownFileType = text.plist.xml; path = Info.plist; sourceTree = "<group>"; };
		2A8EE2D91D5F92DF00C2985E /* DelegateProxy.xctest */ = {isa = PBXFileReference; explicitFileType = wrapper.cfbundle; includeInIndex = 0; path = DelegateProxy.xctest; sourceTree = BUILT_PRODUCTS_DIR; };
		2A8EE2E51D5F92F600C2985E /* Info.plist */ = {isa = PBXFileReference; fileEncoding = 4; lastKnownFileType = text.plist.xml; path = Info.plist; sourceTree = "<group>"; };
		2A8EE2EF1D5F946F00C2985E /* DelegateProxy.framework */ = {isa = PBXFileReference; explicitFileType = wrapper.framework; includeInIndex = 0; path = DelegateProxy.framework; sourceTree = BUILT_PRODUCTS_DIR; };
		2A8EE2F81D5F949400C2985E /* Info.plist */ = {isa = PBXFileReference; fileEncoding = 4; lastKnownFileType = text.plist.xml; path = Info.plist; sourceTree = "<group>"; };
/* End PBXFileReference section */

/* Begin PBXFrameworksBuildPhase section */
		2A18B3621D5E5DF200AC312F /* Frameworks */ = {
			isa = PBXFrameworksBuildPhase;
			buildActionMask = 2147483647;
			files = (
			);
			runOnlyForDeploymentPostprocessing = 0;
		};
		2A8EE2231D5F8AB400C2985E /* Frameworks */ = {
			isa = PBXFrameworksBuildPhase;
			buildActionMask = 2147483647;
			files = (
			);
			runOnlyForDeploymentPostprocessing = 0;
		};
		2A8EE28A1D5F8F9100C2985E /* Frameworks */ = {
			isa = PBXFrameworksBuildPhase;
			buildActionMask = 2147483647;
			files = (
			);
			runOnlyForDeploymentPostprocessing = 0;
		};
		2A8EE2A71D5F908800C2985E /* Frameworks */ = {
			isa = PBXFrameworksBuildPhase;
			buildActionMask = 2147483647;
			files = (
				2A8EE2AF1D5F908800C2985E /* DelegateProxy.framework in Frameworks */,
			);
			runOnlyForDeploymentPostprocessing = 0;
		};
		2A8EE2BC1D5F91F000C2985E /* Frameworks */ = {
			isa = PBXFrameworksBuildPhase;
			buildActionMask = 2147483647;
			files = (
			);
			runOnlyForDeploymentPostprocessing = 0;
		};
		2A8EE2D61D5F92DF00C2985E /* Frameworks */ = {
			isa = PBXFrameworksBuildPhase;
			buildActionMask = 2147483647;
			files = (
				2A8EE2DE1D5F92DF00C2985E /* DelegateProxy.framework in Frameworks */,
			);
			runOnlyForDeploymentPostprocessing = 0;
		};
		2A8EE2EB1D5F946F00C2985E /* Frameworks */ = {
			isa = PBXFrameworksBuildPhase;
			buildActionMask = 2147483647;
			files = (
			);
			runOnlyForDeploymentPostprocessing = 0;
		};
/* End PBXFrameworksBuildPhase section */

/* Begin PBXGroup section */
		2A14F8431D57B61B00656679 = {
			isa = PBXGroup;
			children = (
				2A18B3381D5E598300AC312F /* Sources */,
				2A18B34C1D5E599500AC312F /* Tests */,
				2A8EE22F1D5F8B5600C2985E /* Configurations */,
				2A14F84E1D57B61B00656679 /* Products */,
			);
			sourceTree = "<group>";
		};
		2A14F84E1D57B61B00656679 /* Products */ = {
			isa = PBXGroup;
			children = (
				2A18B3651D5E5DF200AC312F /* DelegateProxyTests-iOS.xctest */,
				2A8EE2271D5F8AB400C2985E /* DelegateProxy.framework */,
				2A8EE28E1D5F8F9100C2985E /* DelegateProxy.framework */,
				2A8EE2AA1D5F908800C2985E /* DelegateProxyTests-macOS.xctest */,
				2A8EE2C01D5F91F000C2985E /* DelegateProxy.framework */,
				2A8EE2D91D5F92DF00C2985E /* DelegateProxy.xctest */,
				2A8EE2EF1D5F946F00C2985E /* DelegateProxy.framework */,
			);
			name = Products;
			sourceTree = "<group>";
		};
		2A18B3381D5E598300AC312F /* Sources */ = {
			isa = PBXGroup;
			children = (
				2A18B33C1D5E598300AC312F /* DelegateProxy.swift */,
				2A18B3391D5E598300AC312F /* Arguments.swift */,
				2A18B3421D5E598300AC312F /* Receivable.swift */,
				2A18B3431D5E598300AC312F /* Receiver.swift */,
				2A18B33A1D5E598300AC312F /* DelegateForwardable.swift */,
				2A18B33B1D5E598300AC312F /* DelegateProxy.h */,
				2A18B33D1D5E598300AC312F /* DPDelegateProxy.h */,
				2A18B33E1D5E598300AC312F /* DPDelegateProxy.m */,
				2A18B33F1D5E598300AC312F /* DPRuntime.h */,
				2A18B3401D5E598300AC312F /* DPRuntime.m */,
				2A18B3411D5E598300AC312F /* Info.plist */,
			);
			path = Sources;
			sourceTree = "<group>";
		};
		2A18B34C1D5E599500AC312F /* Tests */ = {
			isa = PBXGroup;
			children = (
				2A18B34E1D5E599500AC312F /* DelegateProxyTests.swift */,
				2A18B34D1D5E599500AC312F /* DelegateForwardableTests.swift */,
				2A18B35F1D5E5B9B00AC312F /* DelegateTester.swift */,
			);
			path = Tests;
			sourceTree = "<group>";
		};
		2A8EE22F1D5F8B5600C2985E /* Configurations */ = {
			isa = PBXGroup;
			children = (
				2A8EE2301D5F8B5600C2985E /* DelegateProxy-iOS */,
				2A8EE2991D5F8FC400C2985E /* DelegateProxy-macOS */,
				2A8EE2D21D5F923C00C2985E /* DelegateProxy-tvOS */,
				2A8EE2331D5F8B5600C2985E /* DelegateProxyTests-iOS */,
				2A8EE2B51D5F90B500C2985E /* DelegateProxyTests-macOS */,
				2A8EE2E41D5F92F600C2985E /* DelegateProxyTests-tvOS */,
				2A8EE2F71D5F949400C2985E /* DelegateProxy-watchOS */,
			);
			path = Configurations;
			sourceTree = "<group>";
		};
		2A8EE2301D5F8B5600C2985E /* DelegateProxy-iOS */ = {
			isa = PBXGroup;
			children = (
				2A8EE2321D5F8B5600C2985E /* Info.plist */,
			);
			path = "DelegateProxy-iOS";
			sourceTree = "<group>";
		};
		2A8EE2331D5F8B5600C2985E /* DelegateProxyTests-iOS */ = {
			isa = PBXGroup;
			children = (
				2A8EE2341D5F8B5600C2985E /* Info.plist */,
			);
			path = "DelegateProxyTests-iOS";
			sourceTree = "<group>";
		};
		2A8EE2991D5F8FC400C2985E /* DelegateProxy-macOS */ = {
			isa = PBXGroup;
			children = (
				2A8EE29A1D5F8FC400C2985E /* Info.plist */,
			);
			path = "DelegateProxy-macOS";
			sourceTree = "<group>";
		};
		2A8EE2B51D5F90B500C2985E /* DelegateProxyTests-macOS */ = {
			isa = PBXGroup;
			children = (
				2A8EE2B61D5F90B500C2985E /* Info.plist */,
			);
			path = "DelegateProxyTests-macOS";
			sourceTree = "<group>";
		};
		2A8EE2D21D5F923C00C2985E /* DelegateProxy-tvOS */ = {
			isa = PBXGroup;
			children = (
				2A8EE2D31D5F923C00C2985E /* Info.plist */,
			);
			path = "DelegateProxy-tvOS";
			sourceTree = "<group>";
		};
		2A8EE2E41D5F92F600C2985E /* DelegateProxyTests-tvOS */ = {
			isa = PBXGroup;
			children = (
				2A8EE2E51D5F92F600C2985E /* Info.plist */,
			);
			path = "DelegateProxyTests-tvOS";
			sourceTree = "<group>";
		};
		2A8EE2F71D5F949400C2985E /* DelegateProxy-watchOS */ = {
			isa = PBXGroup;
			children = (
				2A8EE2F81D5F949400C2985E /* Info.plist */,
			);
			path = "DelegateProxy-watchOS";
			sourceTree = "<group>";
		};
/* End PBXGroup section */

/* Begin PBXHeadersBuildPhase section */
		2A8EE2241D5F8AB400C2985E /* Headers */ = {
			isa = PBXHeadersBuildPhase;
			buildActionMask = 2147483647;
			files = (
				2A8EE23F1D5F8BAA00C2985E /* DelegateProxy.h in Headers */,
				2A8EE2401D5F8BAA00C2985E /* DPDelegateProxy.h in Headers */,
				2A8EE2411D5F8BAA00C2985E /* DPRuntime.h in Headers */,
			);
			runOnlyForDeploymentPostprocessing = 0;
		};
		2A8EE28B1D5F8F9100C2985E /* Headers */ = {
			isa = PBXHeadersBuildPhase;
			buildActionMask = 2147483647;
			files = (
				2A8EE2A31D5F903700C2985E /* DelegateProxy.h in Headers */,
				2A8EE2A41D5F903700C2985E /* DPDelegateProxy.h in Headers */,
				2A8EE2A51D5F903700C2985E /* DPRuntime.h in Headers */,
			);
			runOnlyForDeploymentPostprocessing = 0;
		};
		2A8EE2BD1D5F91F000C2985E /* Headers */ = {
			isa = PBXHeadersBuildPhase;
			buildActionMask = 2147483647;
			files = (
				2A8EE2CF1D5F921E00C2985E /* DelegateProxy.h in Headers */,
				2A8EE2D01D5F921E00C2985E /* DPDelegateProxy.h in Headers */,
				2A8EE2D11D5F921E00C2985E /* DPRuntime.h in Headers */,
			);
			runOnlyForDeploymentPostprocessing = 0;
		};
		2A8EE2EC1D5F946F00C2985E /* Headers */ = {
			isa = PBXHeadersBuildPhase;
			buildActionMask = 2147483647;
			files = (
				2A8EE3011D5F94AD00C2985E /* DelegateProxy.h in Headers */,
				2A8EE3021D5F94AD00C2985E /* DPDelegateProxy.h in Headers */,
				2A8EE3031D5F94AD00C2985E /* DPRuntime.h in Headers */,
			);
			runOnlyForDeploymentPostprocessing = 0;
		};
/* End PBXHeadersBuildPhase section */

/* Begin PBXNativeTarget section */
		2A18B3641D5E5DF200AC312F /* DelegateProxyTests-iOS */ = {
			isa = PBXNativeTarget;
			buildConfigurationList = 2A18B36D1D5E5DF200AC312F /* Build configuration list for PBXNativeTarget "DelegateProxyTests-iOS" */;
			buildPhases = (
				2A18B3611D5E5DF200AC312F /* Sources */,
				2A18B3621D5E5DF200AC312F /* Frameworks */,
				2A18B3631D5E5DF200AC312F /* Resources */,
			);
			buildRules = (
			);
			dependencies = (
			);
			name = "DelegateProxyTests-iOS";
			productName = "DelegateProxyTests-iOS";
			productReference = 2A18B3651D5E5DF200AC312F /* DelegateProxyTests-iOS.xctest */;
			productType = "com.apple.product-type.bundle.unit-test";
		};
		2A8EE2261D5F8AB400C2985E /* DelegateProxy-iOS */ = {
			isa = PBXNativeTarget;
			buildConfigurationList = 2A8EE22E1D5F8AB400C2985E /* Build configuration list for PBXNativeTarget "DelegateProxy-iOS" */;
			buildPhases = (
				2A8EE2221D5F8AB400C2985E /* Sources */,
				2A8EE2231D5F8AB400C2985E /* Frameworks */,
				2A8EE2241D5F8AB400C2985E /* Headers */,
				2A8EE2251D5F8AB400C2985E /* Resources */,
			);
			buildRules = (
			);
			dependencies = (
			);
			name = "DelegateProxy-iOS";
			productName = "DelegateProxy-iOS";
			productReference = 2A8EE2271D5F8AB400C2985E /* DelegateProxy.framework */;
			productType = "com.apple.product-type.framework";
		};
		2A8EE28D1D5F8F9100C2985E /* DelegateProxy-macOS */ = {
			isa = PBXNativeTarget;
			buildConfigurationList = 2A8EE2951D5F8F9100C2985E /* Build configuration list for PBXNativeTarget "DelegateProxy-macOS" */;
			buildPhases = (
				2A8EE2891D5F8F9100C2985E /* Sources */,
				2A8EE28A1D5F8F9100C2985E /* Frameworks */,
				2A8EE28B1D5F8F9100C2985E /* Headers */,
				2A8EE28C1D5F8F9100C2985E /* Resources */,
			);
			buildRules = (
			);
			dependencies = (
			);
			name = "DelegateProxy-macOS";
			productName = "DelegateProxy-macOS";
			productReference = 2A8EE28E1D5F8F9100C2985E /* DelegateProxy.framework */;
			productType = "com.apple.product-type.framework";
		};
		2A8EE2A91D5F908800C2985E /* DelegateProxyTests-macOS */ = {
			isa = PBXNativeTarget;
			buildConfigurationList = 2A8EE2B21D5F908800C2985E /* Build configuration list for PBXNativeTarget "DelegateProxyTests-macOS" */;
			buildPhases = (
				2A8EE2A61D5F908800C2985E /* Sources */,
				2A8EE2A71D5F908800C2985E /* Frameworks */,
				2A8EE2A81D5F908800C2985E /* Resources */,
			);
			buildRules = (
			);
			dependencies = (
				2A8EE2B11D5F908800C2985E /* PBXTargetDependency */,
			);
			name = "DelegateProxyTests-macOS";
			productName = "DelegateProxyTests-macOS";
			productReference = 2A8EE2AA1D5F908800C2985E /* DelegateProxyTests-macOS.xctest */;
			productType = "com.apple.product-type.bundle.unit-test";
		};
		2A8EE2BF1D5F91F000C2985E /* DelegateProxy-tvOS */ = {
			isa = PBXNativeTarget;
			buildConfigurationList = 2A8EE2C51D5F91F000C2985E /* Build configuration list for PBXNativeTarget "DelegateProxy-tvOS" */;
			buildPhases = (
				2A8EE2BB1D5F91F000C2985E /* Sources */,
				2A8EE2BC1D5F91F000C2985E /* Frameworks */,
				2A8EE2BD1D5F91F000C2985E /* Headers */,
				2A8EE2BE1D5F91F000C2985E /* Resources */,
			);
			buildRules = (
			);
			dependencies = (
			);
			name = "DelegateProxy-tvOS";
			productName = "DelegateProxy-tvOS";
			productReference = 2A8EE2C01D5F91F000C2985E /* DelegateProxy.framework */;
			productType = "com.apple.product-type.framework";
		};
		2A8EE2D81D5F92DF00C2985E /* DelegateProxyTests-tvOS */ = {
			isa = PBXNativeTarget;
			buildConfigurationList = 2A8EE2E11D5F92DF00C2985E /* Build configuration list for PBXNativeTarget "DelegateProxyTests-tvOS" */;
			buildPhases = (
				2A8EE2D51D5F92DF00C2985E /* Sources */,
				2A8EE2D61D5F92DF00C2985E /* Frameworks */,
				2A8EE2D71D5F92DF00C2985E /* Resources */,
			);
			buildRules = (
			);
			dependencies = (
				2A8EE2E01D5F92DF00C2985E /* PBXTargetDependency */,
			);
			name = "DelegateProxyTests-tvOS";
			productName = "DelegateProxyTests-tvOS";
			productReference = 2A8EE2D91D5F92DF00C2985E /* DelegateProxy.xctest */;
			productType = "com.apple.product-type.bundle.unit-test";
		};
		2A8EE2EE1D5F946F00C2985E /* DelegateProxy-watchOS */ = {
			isa = PBXNativeTarget;
			buildConfigurationList = 2A8EE2F41D5F946F00C2985E /* Build configuration list for PBXNativeTarget "DelegateProxy-watchOS" */;
			buildPhases = (
				2A8EE2EA1D5F946F00C2985E /* Sources */,
				2A8EE2EB1D5F946F00C2985E /* Frameworks */,
				2A8EE2EC1D5F946F00C2985E /* Headers */,
				2A8EE2ED1D5F946F00C2985E /* Resources */,
			);
			buildRules = (
			);
			dependencies = (
			);
			name = "DelegateProxy-watchOS";
			productName = "DelegateProxy-watchOS";
			productReference = 2A8EE2EF1D5F946F00C2985E /* DelegateProxy.framework */;
			productType = "com.apple.product-type.framework";
		};
/* End PBXNativeTarget section */

/* Begin PBXProject section */
		2A14F8441D57B61B00656679 /* Project object */ = {
			isa = PBXProject;
			attributes = {
				LastSwiftUpdateCheck = 0730;
				LastUpgradeCheck = 0730;
				ORGANIZATIONNAME = "Ryo Aoyama";
				TargetAttributes = {
					2A18B3641D5E5DF200AC312F = {
						CreatedOnToolsVersion = 7.3.1;
						DevelopmentTeam = 35SS6N9UMP;
					};
					2A8EE2261D5F8AB400C2985E = {
						CreatedOnToolsVersion = 7.3.1;
						DevelopmentTeam = 35SS6N9UMP;
					};
					2A8EE28D1D5F8F9100C2985E = {
						CreatedOnToolsVersion = 7.3.1;
					};
					2A8EE2A91D5F908800C2985E = {
						CreatedOnToolsVersion = 7.3.1;
					};
					2A8EE2BF1D5F91F000C2985E = {
						CreatedOnToolsVersion = 7.3.1;
						DevelopmentTeam = 35SS6N9UMP;
					};
					2A8EE2D81D5F92DF00C2985E = {
						CreatedOnToolsVersion = 7.3.1;
						DevelopmentTeam = 35SS6N9UMP;
					};
					2A8EE2EE1D5F946F00C2985E = {
						CreatedOnToolsVersion = 7.3.1;
						DevelopmentTeam = 35SS6N9UMP;
					};
				};
			};
			buildConfigurationList = 2A14F8471D57B61B00656679 /* Build configuration list for PBXProject "DelegateProxy" */;
			compatibilityVersion = "Xcode 3.2";
			developmentRegion = English;
			hasScannedForEncodings = 0;
			knownRegions = (
				en,
			);
			mainGroup = 2A14F8431D57B61B00656679;
			productRefGroup = 2A14F84E1D57B61B00656679 /* Products */;
			projectDirPath = "";
			projectRoot = "";
			targets = (
				2A8EE2261D5F8AB400C2985E /* DelegateProxy-iOS */,
				2A8EE28D1D5F8F9100C2985E /* DelegateProxy-macOS */,
				2A8EE2BF1D5F91F000C2985E /* DelegateProxy-tvOS */,
				2A8EE2EE1D5F946F00C2985E /* DelegateProxy-watchOS */,
				2A18B3641D5E5DF200AC312F /* DelegateProxyTests-iOS */,
				2A8EE2A91D5F908800C2985E /* DelegateProxyTests-macOS */,
				2A8EE2D81D5F92DF00C2985E /* DelegateProxyTests-tvOS */,
			);
		};
/* End PBXProject section */

/* Begin PBXResourcesBuildPhase section */
		2A18B3631D5E5DF200AC312F /* Resources */ = {
			isa = PBXResourcesBuildPhase;
			buildActionMask = 2147483647;
			files = (
			);
			runOnlyForDeploymentPostprocessing = 0;
		};
		2A8EE2251D5F8AB400C2985E /* Resources */ = {
			isa = PBXResourcesBuildPhase;
			buildActionMask = 2147483647;
			files = (
			);
			runOnlyForDeploymentPostprocessing = 0;
		};
		2A8EE28C1D5F8F9100C2985E /* Resources */ = {
			isa = PBXResourcesBuildPhase;
			buildActionMask = 2147483647;
			files = (
				2A8EE2D41D5F923C00C2985E /* Info.plist in Resources */,
				2A8EE2B71D5F90B500C2985E /* Info.plist in Resources */,
				2A8EE2E61D5F92F600C2985E /* Info.plist in Resources */,
			);
			runOnlyForDeploymentPostprocessing = 0;
		};
		2A8EE2A81D5F908800C2985E /* Resources */ = {
			isa = PBXResourcesBuildPhase;
			buildActionMask = 2147483647;
			files = (
			);
			runOnlyForDeploymentPostprocessing = 0;
		};
		2A8EE2BE1D5F91F000C2985E /* Resources */ = {
			isa = PBXResourcesBuildPhase;
			buildActionMask = 2147483647;
			files = (
			);
			runOnlyForDeploymentPostprocessing = 0;
		};
		2A8EE2D71D5F92DF00C2985E /* Resources */ = {
			isa = PBXResourcesBuildPhase;
			buildActionMask = 2147483647;
			files = (
			);
			runOnlyForDeploymentPostprocessing = 0;
		};
		2A8EE2ED1D5F946F00C2985E /* Resources */ = {
			isa = PBXResourcesBuildPhase;
			buildActionMask = 2147483647;
			files = (
			);
			runOnlyForDeploymentPostprocessing = 0;
		};
/* End PBXResourcesBuildPhase section */

/* Begin PBXSourcesBuildPhase section */
		2A18B3611D5E5DF200AC312F /* Sources */ = {
			isa = PBXSourcesBuildPhase;
			buildActionMask = 2147483647;
			files = (
				2A18B3701D5E5E2E00AC312F /* DelegateProxyTests.swift in Sources */,
				2A18B3711D5E5E2E00AC312F /* DelegateForwardableTests.swift in Sources */,
				2A18B3721D5E5E2E00AC312F /* DelegateTester.swift in Sources */,
			);
			runOnlyForDeploymentPostprocessing = 0;
		};
		2A8EE2221D5F8AB400C2985E /* Sources */ = {
			isa = PBXSourcesBuildPhase;
			buildActionMask = 2147483647;
			files = (
				2A8EE2381D5F8B9C00C2985E /* DelegateProxy.swift in Sources */,
				2A8EE2391D5F8B9C00C2985E /* Arguments.swift in Sources */,
				2A8EE23A1D5F8B9C00C2985E /* Receivable.swift in Sources */,
				2A8EE23B1D5F8B9C00C2985E /* Receiver.swift in Sources */,
				2A8EE23C1D5F8B9C00C2985E /* DelegateForwardable.swift in Sources */,
				2A8EE23D1D5F8B9C00C2985E /* DPDelegateProxy.m in Sources */,
				2A8EE23E1D5F8B9C00C2985E /* DPRuntime.m in Sources */,
			);
			runOnlyForDeploymentPostprocessing = 0;
		};
		2A8EE2891D5F8F9100C2985E /* Sources */ = {
			isa = PBXSourcesBuildPhase;
			buildActionMask = 2147483647;
			files = (
				2A8EE29C1D5F902600C2985E /* DelegateProxy.swift in Sources */,
				2A8EE29D1D5F902600C2985E /* Arguments.swift in Sources */,
				2A8EE29E1D5F902600C2985E /* Receivable.swift in Sources */,
				2A8EE29F1D5F902600C2985E /* Receiver.swift in Sources */,
				2A8EE2A01D5F902600C2985E /* DelegateForwardable.swift in Sources */,
				2A8EE2A11D5F902600C2985E /* DPDelegateProxy.m in Sources */,
				2A8EE2A21D5F902600C2985E /* DPRuntime.m in Sources */,
			);
			runOnlyForDeploymentPostprocessing = 0;
		};
		2A8EE2A61D5F908800C2985E /* Sources */ = {
			isa = PBXSourcesBuildPhase;
			buildActionMask = 2147483647;
			files = (
				2A8EE2B81D5F919F00C2985E /* DelegateProxyTests.swift in Sources */,
				2A8EE2B91D5F919F00C2985E /* DelegateForwardableTests.swift in Sources */,
				2A8EE2BA1D5F919F00C2985E /* DelegateTester.swift in Sources */,
			);
			runOnlyForDeploymentPostprocessing = 0;
		};
		2A8EE2BB1D5F91F000C2985E /* Sources */ = {
			isa = PBXSourcesBuildPhase;
			buildActionMask = 2147483647;
			files = (
				2A8EE2C81D5F920900C2985E /* DelegateProxy.swift in Sources */,
				2A8EE2C91D5F920900C2985E /* Arguments.swift in Sources */,
				2A8EE2CA1D5F920900C2985E /* Receivable.swift in Sources */,
				2A8EE2CB1D5F920900C2985E /* Receiver.swift in Sources */,
				2A8EE2CC1D5F920900C2985E /* DelegateForwardable.swift in Sources */,
				2A8EE2CD1D5F920900C2985E /* DPDelegateProxy.m in Sources */,
				2A8EE2CE1D5F920900C2985E /* DPRuntime.m in Sources */,
			);
			runOnlyForDeploymentPostprocessing = 0;
		};
		2A8EE2D51D5F92DF00C2985E /* Sources */ = {
			isa = PBXSourcesBuildPhase;
			buildActionMask = 2147483647;
			files = (
				2A8EE2E71D5F930A00C2985E /* DelegateProxyTests.swift in Sources */,
				2A8EE2E81D5F930A00C2985E /* DelegateForwardableTests.swift in Sources */,
				2A8EE2E91D5F930A00C2985E /* DelegateTester.swift in Sources */,
			);
			runOnlyForDeploymentPostprocessing = 0;
		};
		2A8EE2EA1D5F946F00C2985E /* Sources */ = {
			isa = PBXSourcesBuildPhase;
			buildActionMask = 2147483647;
			files = (
				2A8EE2FA1D5F94A600C2985E /* DelegateProxy.swift in Sources */,
				2A8EE2FB1D5F94A600C2985E /* Arguments.swift in Sources */,
				2A8EE2FC1D5F94A600C2985E /* Receivable.swift in Sources */,
				2A8EE2FD1D5F94A600C2985E /* Receiver.swift in Sources */,
				2A8EE2FE1D5F94A600C2985E /* DelegateForwardable.swift in Sources */,
				2A8EE2FF1D5F94A600C2985E /* DPDelegateProxy.m in Sources */,
				2A8EE3001D5F94A600C2985E /* DPRuntime.m in Sources */,
			);
			runOnlyForDeploymentPostprocessing = 0;
		};
/* End PBXSourcesBuildPhase section */

/* Begin PBXTargetDependency section */
		2A8EE2B11D5F908800C2985E /* PBXTargetDependency */ = {
			isa = PBXTargetDependency;
			target = 2A8EE28D1D5F8F9100C2985E /* DelegateProxy-macOS */;
			targetProxy = 2A8EE2B01D5F908800C2985E /* PBXContainerItemProxy */;
		};
		2A8EE2E01D5F92DF00C2985E /* PBXTargetDependency */ = {
			isa = PBXTargetDependency;
			target = 2A8EE2BF1D5F91F000C2985E /* DelegateProxy-tvOS */;
			targetProxy = 2A8EE2DF1D5F92DF00C2985E /* PBXContainerItemProxy */;
		};
/* End PBXTargetDependency section */

/* Begin XCBuildConfiguration section */
		2A14F8531D57B61B00656679 /* Debug */ = {
			isa = XCBuildConfiguration;
			buildSettings = {
				ALWAYS_SEARCH_USER_PATHS = NO;
				CLANG_ANALYZER_NONNULL = YES;
				CLANG_CXX_LANGUAGE_STANDARD = "gnu++0x";
				CLANG_CXX_LIBRARY = "libc++";
				CLANG_ENABLE_MODULES = YES;
				CLANG_ENABLE_OBJC_ARC = YES;
				CLANG_WARN_BOOL_CONVERSION = YES;
				CLANG_WARN_CONSTANT_CONVERSION = YES;
				CLANG_WARN_DIRECT_OBJC_ISA_USAGE = YES_ERROR;
				CLANG_WARN_EMPTY_BODY = YES;
				CLANG_WARN_ENUM_CONVERSION = YES;
				CLANG_WARN_INT_CONVERSION = YES;
				CLANG_WARN_OBJC_ROOT_CLASS = YES_ERROR;
				CLANG_WARN_UNREACHABLE_CODE = YES;
				CLANG_WARN__DUPLICATE_METHOD_MATCH = YES;
				"CODE_SIGN_IDENTITY[sdk=iphoneos*]" = "iPhone Developer";
				COPY_PHASE_STRIP = NO;
				CURRENT_PROJECT_VERSION = 1;
				DEBUG_INFORMATION_FORMAT = dwarf;
				ENABLE_STRICT_OBJC_MSGSEND = YES;
				ENABLE_TESTABILITY = YES;
				GCC_C_LANGUAGE_STANDARD = gnu99;
				GCC_DYNAMIC_NO_PIC = NO;
				GCC_NO_COMMON_BLOCKS = YES;
				GCC_OPTIMIZATION_LEVEL = 0;
				GCC_PREPROCESSOR_DEFINITIONS = (
					"DEBUG=1",
					"$(inherited)",
				);
				GCC_WARN_64_TO_32_BIT_CONVERSION = YES;
				GCC_WARN_ABOUT_RETURN_TYPE = YES_ERROR;
				GCC_WARN_UNDECLARED_SELECTOR = YES;
				GCC_WARN_UNINITIALIZED_AUTOS = YES_AGGRESSIVE;
				GCC_WARN_UNUSED_FUNCTION = YES;
				GCC_WARN_UNUSED_VARIABLE = YES;
				IPHONEOS_DEPLOYMENT_TARGET = 8.0;
				MTL_ENABLE_DEBUG_INFO = YES;
				ONLY_ACTIVE_ARCH = YES;
				SDKROOT = iphoneos;
				SWIFT_OPTIMIZATION_LEVEL = "-Onone";
				TARGETED_DEVICE_FAMILY = "1,2";
				VERSIONING_SYSTEM = "apple-generic";
				VERSION_INFO_PREFIX = "";
			};
			name = Debug;
		};
		2A14F8541D57B61B00656679 /* Release */ = {
			isa = XCBuildConfiguration;
			buildSettings = {
				ALWAYS_SEARCH_USER_PATHS = NO;
				CLANG_ANALYZER_NONNULL = YES;
				CLANG_CXX_LANGUAGE_STANDARD = "gnu++0x";
				CLANG_CXX_LIBRARY = "libc++";
				CLANG_ENABLE_MODULES = YES;
				CLANG_ENABLE_OBJC_ARC = YES;
				CLANG_WARN_BOOL_CONVERSION = YES;
				CLANG_WARN_CONSTANT_CONVERSION = YES;
				CLANG_WARN_DIRECT_OBJC_ISA_USAGE = YES_ERROR;
				CLANG_WARN_EMPTY_BODY = YES;
				CLANG_WARN_ENUM_CONVERSION = YES;
				CLANG_WARN_INT_CONVERSION = YES;
				CLANG_WARN_OBJC_ROOT_CLASS = YES_ERROR;
				CLANG_WARN_UNREACHABLE_CODE = YES;
				CLANG_WARN__DUPLICATE_METHOD_MATCH = YES;
				"CODE_SIGN_IDENTITY[sdk=iphoneos*]" = "iPhone Developer";
				COPY_PHASE_STRIP = NO;
				CURRENT_PROJECT_VERSION = 1;
				DEBUG_INFORMATION_FORMAT = "dwarf-with-dsym";
				ENABLE_NS_ASSERTIONS = NO;
				ENABLE_STRICT_OBJC_MSGSEND = YES;
				GCC_C_LANGUAGE_STANDARD = gnu99;
				GCC_NO_COMMON_BLOCKS = YES;
				GCC_WARN_64_TO_32_BIT_CONVERSION = YES;
				GCC_WARN_ABOUT_RETURN_TYPE = YES_ERROR;
				GCC_WARN_UNDECLARED_SELECTOR = YES;
				GCC_WARN_UNINITIALIZED_AUTOS = YES_AGGRESSIVE;
				GCC_WARN_UNUSED_FUNCTION = YES;
				GCC_WARN_UNUSED_VARIABLE = YES;
				IPHONEOS_DEPLOYMENT_TARGET = 8.0;
				MTL_ENABLE_DEBUG_INFO = NO;
				SDKROOT = iphoneos;
				TARGETED_DEVICE_FAMILY = "1,2";
				VALIDATE_PRODUCT = YES;
				VERSIONING_SYSTEM = "apple-generic";
				VERSION_INFO_PREFIX = "";
			};
			name = Release;
		};
		2A18B36E1D5E5DF200AC312F /* Debug */ = {
			isa = XCBuildConfiguration;
			buildSettings = {
				"CODE_SIGN_IDENTITY[sdk=iphoneos*]" = "";
				INFOPLIST_FILE = "Configurations/DelegateProxyTests-iOS/Info.plist";
				IPHONEOS_DEPLOYMENT_TARGET = 8.0;
				LD_RUNPATH_SEARCH_PATHS = "$(inherited) @executable_path/Frameworks @loader_path/Frameworks";
				MACOSX_DEPLOYMENT_TARGET = 10.9;
				PRODUCT_BUNDLE_IDENTIFIER = "com.ryo.DelegateProxyTests-iOS";
				PRODUCT_NAME = "$(TARGET_NAME)";
				TVOS_DEPLOYMENT_TARGET = 9.0;
				WATCHOS_DEPLOYMENT_TARGET = 2.0;
			};
			name = Debug;
		};
		2A18B36F1D5E5DF200AC312F /* Release */ = {
			isa = XCBuildConfiguration;
			buildSettings = {
				"CODE_SIGN_IDENTITY[sdk=iphoneos*]" = "";
				INFOPLIST_FILE = "Configurations/DelegateProxyTests-iOS/Info.plist";
				IPHONEOS_DEPLOYMENT_TARGET = 8.0;
				LD_RUNPATH_SEARCH_PATHS = "$(inherited) @executable_path/Frameworks @loader_path/Frameworks";
				MACOSX_DEPLOYMENT_TARGET = 10.9;
				PRODUCT_BUNDLE_IDENTIFIER = "com.ryo.DelegateProxyTests-iOS";
				PRODUCT_NAME = "$(TARGET_NAME)";
				TVOS_DEPLOYMENT_TARGET = 9.0;
				WATCHOS_DEPLOYMENT_TARGET = 2.0;
			};
			name = Release;
		};
		2A8EE22C1D5F8AB400C2985E /* Debug */ = {
			isa = XCBuildConfiguration;
			buildSettings = {
				"CODE_SIGN_IDENTITY[sdk=iphoneos*]" = "";
				DEFINES_MODULE = YES;
				DYLIB_COMPATIBILITY_VERSION = 1;
				DYLIB_CURRENT_VERSION = 1;
				DYLIB_INSTALL_NAME_BASE = "@rpath";
				INFOPLIST_FILE = "Configurations/DelegateProxy-iOS/Info.plist";
				INSTALL_PATH = "$(LOCAL_LIBRARY_DIR)/Frameworks";
				IPHONEOS_DEPLOYMENT_TARGET = 9.3;
				LD_RUNPATH_SEARCH_PATHS = "$(inherited) @executable_path/Frameworks @loader_path/Frameworks";
				MACOSX_DEPLOYMENT_TARGET = 10.9;
				PRODUCT_BUNDLE_IDENTIFIER = "com.ryo.DelegateProxy-iOS";
				PRODUCT_NAME = DelegateProxy;
				SKIP_INSTALL = YES;
				TVOS_DEPLOYMENT_TARGET = 9.0;
				WATCHOS_DEPLOYMENT_TARGET = 2.0;
			};
			name = Debug;
		};
		2A8EE22D1D5F8AB400C2985E /* Release */ = {
			isa = XCBuildConfiguration;
			buildSettings = {
				"CODE_SIGN_IDENTITY[sdk=iphoneos*]" = "";
				DEFINES_MODULE = YES;
				DYLIB_COMPATIBILITY_VERSION = 1;
				DYLIB_CURRENT_VERSION = 1;
				DYLIB_INSTALL_NAME_BASE = "@rpath";
				INFOPLIST_FILE = "Configurations/DelegateProxy-iOS/Info.plist";
				INSTALL_PATH = "$(LOCAL_LIBRARY_DIR)/Frameworks";
				IPHONEOS_DEPLOYMENT_TARGET = 9.3;
				LD_RUNPATH_SEARCH_PATHS = "$(inherited) @executable_path/Frameworks @loader_path/Frameworks";
				MACOSX_DEPLOYMENT_TARGET = 10.9;
				PRODUCT_BUNDLE_IDENTIFIER = "com.ryo.DelegateProxy-iOS";
				PRODUCT_NAME = DelegateProxy;
				SKIP_INSTALL = YES;
				TVOS_DEPLOYMENT_TARGET = 9.0;
				WATCHOS_DEPLOYMENT_TARGET = 2.0;
			};
			name = Release;
		};
		2A8EE2931D5F8F9100C2985E /* Debug */ = {
			isa = XCBuildConfiguration;
			buildSettings = {
				CODE_SIGN_IDENTITY = "";
				COMBINE_HIDPI_IMAGES = YES;
				DEFINES_MODULE = YES;
				DYLIB_COMPATIBILITY_VERSION = 1;
				DYLIB_CURRENT_VERSION = 1;
				DYLIB_INSTALL_NAME_BASE = "@rpath";
				FRAMEWORK_VERSION = A;
				INFOPLIST_FILE = "Configurations/DelegateProxy-macOS/Info.plist";
				INSTALL_PATH = "$(LOCAL_LIBRARY_DIR)/Frameworks";
				LD_RUNPATH_SEARCH_PATHS = "$(inherited) @executable_path/../Frameworks @loader_path/Frameworks";
				MACOSX_DEPLOYMENT_TARGET = 10.9;
				PRODUCT_BUNDLE_IDENTIFIER = "com.ryo.DelegateProxy-macOS";
				PRODUCT_NAME = DelegateProxy;
				SDKROOT = macosx;
				SKIP_INSTALL = YES;
				TVOS_DEPLOYMENT_TARGET = 9.0;
				WATCHOS_DEPLOYMENT_TARGET = 2.0;
			};
			name = Debug;
		};
		2A8EE2941D5F8F9100C2985E /* Release */ = {
			isa = XCBuildConfiguration;
			buildSettings = {
				CODE_SIGN_IDENTITY = "";
				COMBINE_HIDPI_IMAGES = YES;
				DEFINES_MODULE = YES;
				DYLIB_COMPATIBILITY_VERSION = 1;
				DYLIB_CURRENT_VERSION = 1;
				DYLIB_INSTALL_NAME_BASE = "@rpath";
				FRAMEWORK_VERSION = A;
				INFOPLIST_FILE = "Configurations/DelegateProxy-macOS/Info.plist";
				INSTALL_PATH = "$(LOCAL_LIBRARY_DIR)/Frameworks";
				LD_RUNPATH_SEARCH_PATHS = "$(inherited) @executable_path/../Frameworks @loader_path/Frameworks";
				MACOSX_DEPLOYMENT_TARGET = 10.9;
				PRODUCT_BUNDLE_IDENTIFIER = "com.ryo.DelegateProxy-macOS";
				PRODUCT_NAME = DelegateProxy;
				SDKROOT = macosx;
				SKIP_INSTALL = YES;
				TVOS_DEPLOYMENT_TARGET = 9.0;
				WATCHOS_DEPLOYMENT_TARGET = 2.0;
			};
			name = Release;
		};
		2A8EE2B31D5F908800C2985E /* Debug */ = {
			isa = XCBuildConfiguration;
			buildSettings = {
				CODE_SIGN_IDENTITY = "";
				COMBINE_HIDPI_IMAGES = YES;
				INFOPLIST_FILE = "Configurations/DelegateProxyTests-macOS/Info.plist";
				LD_RUNPATH_SEARCH_PATHS = "$(inherited) @executable_path/../Frameworks @loader_path/../Frameworks";
				MACOSX_DEPLOYMENT_TARGET = 10.9;
				PRODUCT_BUNDLE_IDENTIFIER = "com.ryo.DelegateProxyTests-macOS";
				PRODUCT_NAME = "$(TARGET_NAME)";
				SDKROOT = macosx;
				TVOS_DEPLOYMENT_TARGET = 9.0;
				WATCHOS_DEPLOYMENT_TARGET = 2.0;
			};
			name = Debug;
		};
		2A8EE2B41D5F908800C2985E /* Release */ = {
			isa = XCBuildConfiguration;
			buildSettings = {
				CODE_SIGN_IDENTITY = "";
				COMBINE_HIDPI_IMAGES = YES;
				INFOPLIST_FILE = "Configurations/DelegateProxyTests-macOS/Info.plist";
				LD_RUNPATH_SEARCH_PATHS = "$(inherited) @executable_path/../Frameworks @loader_path/../Frameworks";
				MACOSX_DEPLOYMENT_TARGET = 10.9;
				PRODUCT_BUNDLE_IDENTIFIER = "com.ryo.DelegateProxyTests-macOS";
				PRODUCT_NAME = "$(TARGET_NAME)";
				SDKROOT = macosx;
				TVOS_DEPLOYMENT_TARGET = 9.0;
				WATCHOS_DEPLOYMENT_TARGET = 2.0;
			};
			name = Release;
		};
		2A8EE2C61D5F91F000C2985E /* Debug */ = {
			isa = XCBuildConfiguration;
			buildSettings = {
				CODE_SIGN_IDENTITY = "";
				DEFINES_MODULE = YES;
				DYLIB_COMPATIBILITY_VERSION = 1;
				DYLIB_CURRENT_VERSION = 1;
				DYLIB_INSTALL_NAME_BASE = "@rpath";
				INFOPLIST_FILE = "Configurations/DelegateProxy-tvOS/Info.plist";
				INSTALL_PATH = "$(LOCAL_LIBRARY_DIR)/Frameworks";
				LD_RUNPATH_SEARCH_PATHS = "$(inherited) @executable_path/Frameworks @loader_path/Frameworks";
				MACOSX_DEPLOYMENT_TARGET = 10.9;
				PRODUCT_BUNDLE_IDENTIFIER = "com.ryo.DelegateProxy-tvOS";
				PRODUCT_NAME = DelegateProxy;
				SDKROOT = appletvos;
				SKIP_INSTALL = YES;
				TARGETED_DEVICE_FAMILY = 3;
				TVOS_DEPLOYMENT_TARGET = 9.0;
				WATCHOS_DEPLOYMENT_TARGET = 2.0;
			};
			name = Debug;
		};
		2A8EE2C71D5F91F000C2985E /* Release */ = {
			isa = XCBuildConfiguration;
			buildSettings = {
				CODE_SIGN_IDENTITY = "";
				DEFINES_MODULE = YES;
				DYLIB_COMPATIBILITY_VERSION = 1;
				DYLIB_CURRENT_VERSION = 1;
				DYLIB_INSTALL_NAME_BASE = "@rpath";
				INFOPLIST_FILE = "Configurations/DelegateProxy-tvOS/Info.plist";
				INSTALL_PATH = "$(LOCAL_LIBRARY_DIR)/Frameworks";
				LD_RUNPATH_SEARCH_PATHS = "$(inherited) @executable_path/Frameworks @loader_path/Frameworks";
				MACOSX_DEPLOYMENT_TARGET = 10.9;
				PRODUCT_BUNDLE_IDENTIFIER = "com.ryo.DelegateProxy-tvOS";
				PRODUCT_NAME = DelegateProxy;
				SDKROOT = appletvos;
				SKIP_INSTALL = YES;
				TARGETED_DEVICE_FAMILY = 3;
				TVOS_DEPLOYMENT_TARGET = 9.0;
				WATCHOS_DEPLOYMENT_TARGET = 2.0;
			};
			name = Release;
		};
		2A8EE2E21D5F92DF00C2985E /* Debug */ = {
			isa = XCBuildConfiguration;
			buildSettings = {
				CODE_SIGN_IDENTITY = "";
				INFOPLIST_FILE = "Configurations/DelegateProxyTests-tvOS/Info.plist";
				LD_RUNPATH_SEARCH_PATHS = "$(inherited) @executable_path/Frameworks @loader_path/Frameworks";
				MACOSX_DEPLOYMENT_TARGET = 10.9;
				PRODUCT_BUNDLE_IDENTIFIER = "com.ryo.DelegateProxyTests-tvOS";
				PRODUCT_NAME = DelegateProxy;
				SDKROOT = appletvos;
				TVOS_DEPLOYMENT_TARGET = 9.2;
				WATCHOS_DEPLOYMENT_TARGET = 2.0;
			};
			name = Debug;
		};
		2A8EE2E31D5F92DF00C2985E /* Release */ = {
			isa = XCBuildConfiguration;
			buildSettings = {
				CODE_SIGN_IDENTITY = "";
				INFOPLIST_FILE = "Configurations/DelegateProxyTests-tvOS/Info.plist";
				LD_RUNPATH_SEARCH_PATHS = "$(inherited) @executable_path/Frameworks @loader_path/Frameworks";
				MACOSX_DEPLOYMENT_TARGET = 10.9;
				PRODUCT_BUNDLE_IDENTIFIER = "com.ryo.DelegateProxyTests-tvOS";
				PRODUCT_NAME = DelegateProxy;
				SDKROOT = appletvos;
				TVOS_DEPLOYMENT_TARGET = 9.2;
				WATCHOS_DEPLOYMENT_TARGET = 2.0;
			};
			name = Release;
		};
		2A8EE2F51D5F946F00C2985E /* Debug */ = {
			isa = XCBuildConfiguration;
			buildSettings = {
				APPLICATION_EXTENSION_API_ONLY = YES;
				CODE_SIGN_IDENTITY = "";
				DEFINES_MODULE = YES;
				DYLIB_COMPATIBILITY_VERSION = 1;
				DYLIB_CURRENT_VERSION = 1;
				DYLIB_INSTALL_NAME_BASE = "@rpath";
				INFOPLIST_FILE = "Configurations/DelegateProxy-watchOS/Info.plist";
				INSTALL_PATH = "$(LOCAL_LIBRARY_DIR)/Frameworks";
				LD_RUNPATH_SEARCH_PATHS = "$(inherited) @executable_path/Frameworks @loader_path/Frameworks";
				MACOSX_DEPLOYMENT_TARGET = 10.9;
				PRODUCT_BUNDLE_IDENTIFIER = "com.ryo.DelegateProxy-watchOS";
				PRODUCT_NAME = DelegateProxy;
				SDKROOT = watchos;
				SKIP_INSTALL = YES;
				TARGETED_DEVICE_FAMILY = 4;
				TVOS_DEPLOYMENT_TARGET = 9.0;
				WATCHOS_DEPLOYMENT_TARGET = 2.0;
			};
			name = Debug;
		};
		2A8EE2F61D5F946F00C2985E /* Release */ = {
			isa = XCBuildConfiguration;
			buildSettings = {
				APPLICATION_EXTENSION_API_ONLY = YES;
				CODE_SIGN_IDENTITY = "";
				DEFINES_MODULE = YES;
				DYLIB_COMPATIBILITY_VERSION = 1;
				DYLIB_CURRENT_VERSION = 1;
				DYLIB_INSTALL_NAME_BASE = "@rpath";
				INFOPLIST_FILE = "Configurations/DelegateProxy-watchOS/Info.plist";
				INSTALL_PATH = "$(LOCAL_LIBRARY_DIR)/Frameworks";
				LD_RUNPATH_SEARCH_PATHS = "$(inherited) @executable_path/Frameworks @loader_path/Frameworks";
				MACOSX_DEPLOYMENT_TARGET = 10.9;
				PRODUCT_BUNDLE_IDENTIFIER = "com.ryo.DelegateProxy-watchOS";
				PRODUCT_NAME = DelegateProxy;
				SDKROOT = watchos;
				SKIP_INSTALL = YES;
				TARGETED_DEVICE_FAMILY = 4;
				TVOS_DEPLOYMENT_TARGET = 9.0;
				WATCHOS_DEPLOYMENT_TARGET = 2.0;
			};
			name = Release;
		};
/* End XCBuildConfiguration section */

/* Begin XCConfigurationList section */
		2A14F8471D57B61B00656679 /* Build configuration list for PBXProject "DelegateProxy" */ = {
			isa = XCConfigurationList;
			buildConfigurations = (
				2A14F8531D57B61B00656679 /* Debug */,
				2A14F8541D57B61B00656679 /* Release */,
			);
			defaultConfigurationIsVisible = 0;
			defaultConfigurationName = Release;
		};
		2A18B36D1D5E5DF200AC312F /* Build configuration list for PBXNativeTarget "DelegateProxyTests-iOS" */ = {
			isa = XCConfigurationList;
			buildConfigurations = (
				2A18B36E1D5E5DF200AC312F /* Debug */,
				2A18B36F1D5E5DF200AC312F /* Release */,
			);
			defaultConfigurationIsVisible = 0;
			defaultConfigurationName = Release;
		};
		2A8EE22E1D5F8AB400C2985E /* Build configuration list for PBXNativeTarget "DelegateProxy-iOS" */ = {
			isa = XCConfigurationList;
			buildConfigurations = (
				2A8EE22C1D5F8AB400C2985E /* Debug */,
				2A8EE22D1D5F8AB400C2985E /* Release */,
			);
			defaultConfigurationIsVisible = 0;
			defaultConfigurationName = Release;
		};
		2A8EE2951D5F8F9100C2985E /* Build configuration list for PBXNativeTarget "DelegateProxy-macOS" */ = {
			isa = XCConfigurationList;
			buildConfigurations = (
				2A8EE2931D5F8F9100C2985E /* Debug */,
				2A8EE2941D5F8F9100C2985E /* Release */,
			);
			defaultConfigurationIsVisible = 0;
		};
		2A8EE2B21D5F908800C2985E /* Build configuration list for PBXNativeTarget "DelegateProxyTests-macOS" */ = {
			isa = XCConfigurationList;
			buildConfigurations = (
				2A8EE2B31D5F908800C2985E /* Debug */,
				2A8EE2B41D5F908800C2985E /* Release */,
			);
			defaultConfigurationIsVisible = 0;
		};
		2A8EE2C51D5F91F000C2985E /* Build configuration list for PBXNativeTarget "DelegateProxy-tvOS" */ = {
			isa = XCConfigurationList;
			buildConfigurations = (
				2A8EE2C61D5F91F000C2985E /* Debug */,
				2A8EE2C71D5F91F000C2985E /* Release */,
			);
			defaultConfigurationIsVisible = 0;
		};
		2A8EE2E11D5F92DF00C2985E /* Build configuration list for PBXNativeTarget "DelegateProxyTests-tvOS" */ = {
			isa = XCConfigurationList;
			buildConfigurations = (
				2A8EE2E21D5F92DF00C2985E /* Debug */,
				2A8EE2E31D5F92DF00C2985E /* Release */,
			);
			defaultConfigurationIsVisible = 0;
		};
		2A8EE2F41D5F946F00C2985E /* Build configuration list for PBXNativeTarget "DelegateProxy-watchOS" */ = {
			isa = XCConfigurationList;
			buildConfigurations = (
				2A8EE2F51D5F946F00C2985E /* Debug */,
				2A8EE2F61D5F946F00C2985E /* Release */,
			);
			defaultConfigurationIsVisible = 0;
		};
/* End XCConfigurationList section */
	};
	rootObject = 2A14F8441D57B61B00656679 /* Project object */;
}
