// !$*UTF8*$!
{
	archiveVersion = 1;
	classes = {
	};
	objectVersion = 46;
	objects = {

/* Begin PBXBuildFile section */
		2AB10F0B1DA185EE004C3CC1 /* DPDelegateProxy.h in Headers */ = {isa = PBXBuildFile; fileRef = 2A18B33D1D5E598300AC312F /* DPDelegateProxy.h */; settings = {ATTRIBUTES = (Public, ); }; };
		2AB10F0C1DA185EE004C3CC1 /* DPRuntime.h in Headers */ = {isa = PBXBuildFile; fileRef = 2A18B33F1D5E598300AC312F /* DPRuntime.h */; settings = {ATTRIBUTES = (Public, ); }; };
		2AB10F0D1DA185EE004C3CC1 /* DelegateProxy.h in Headers */ = {isa = PBXBuildFile; fileRef = 2A18B33B1D5E598300AC312F /* DelegateProxy.h */; settings = {ATTRIBUTES = (Public, ); }; };
		2AB10F0E1DA18601004C3CC1 /* DelegateProxy.swift in Sources */ = {isa = PBXBuildFile; fileRef = 2A18B33C1D5E598300AC312F /* DelegateProxy.swift */; };
		2AB10F0F1DA18601004C3CC1 /* DelegateProxyType.swift in Sources */ = {isa = PBXBuildFile; fileRef = 2A6750871D678E4E00E9F360 /* DelegateProxyType.swift */; };
		2AB10F101DA18601004C3CC1 /* Arguments.swift in Sources */ = {isa = PBXBuildFile; fileRef = 2A18B3391D5E598300AC312F /* Arguments.swift */; };
		2AB10F111DA18601004C3CC1 /* Receivable.swift in Sources */ = {isa = PBXBuildFile; fileRef = 2A18B3421D5E598300AC312F /* Receivable.swift */; };
		2AB10F121DA18601004C3CC1 /* Receiver.swift in Sources */ = {isa = PBXBuildFile; fileRef = 2A18B3431D5E598300AC312F /* Receiver.swift */; };
		2AB10F131DA18601004C3CC1 /* DPDelegateProxy.m in Sources */ = {isa = PBXBuildFile; fileRef = 2A18B33E1D5E598300AC312F /* DPDelegateProxy.m */; };
		2AB10F141DA18601004C3CC1 /* DPRuntime.m in Sources */ = {isa = PBXBuildFile; fileRef = 2A18B3401D5E598300AC312F /* DPRuntime.m */; };
		2AB10F1E1DA1866B004C3CC1 /* DelegateProxy.framework in Frameworks */ = {isa = PBXBuildFile; fileRef = 2AB10F031DA18445004C3CC1 /* DelegateProxy.framework */; };
		2AB10F241DA18755004C3CC1 /* DelegateProxyTests.swift in Sources */ = {isa = PBXBuildFile; fileRef = 2A18B34E1D5E599500AC312F /* DelegateProxyTests.swift */; };
		2AB10F251DA18755004C3CC1 /* AssociatedDelegateProxyTests.swift in Sources */ = {isa = PBXBuildFile; fileRef = 2A18B34D1D5E599500AC312F /* AssociatedDelegateProxyTests.swift */; };
		2AB10F261DA18755004C3CC1 /* DelegateTester.swift in Sources */ = {isa = PBXBuildFile; fileRef = 2A18B35F1D5E5B9B00AC312F /* DelegateTester.swift */; };
		2AB10F281DA18808004C3CC1 /* Info.plist in Resources */ = {isa = PBXBuildFile; fileRef = 2AB10F271DA18808004C3CC1 /* Info.plist */; };
/* End PBXBuildFile section */

/* Begin PBXContainerItemProxy section */
		2AB10F1F1DA1866B004C3CC1 /* PBXContainerItemProxy */ = {
			isa = PBXContainerItemProxy;
			containerPortal = 2A14F8441D57B61B00656679 /* Project object */;
			proxyType = 1;
			remoteGlobalIDString = 2AB10F021DA18445004C3CC1;
			remoteInfo = DelegateProxy;
		};
/* End PBXContainerItemProxy section */

/* Begin PBXFileReference section */
		2A18B3391D5E598300AC312F /* Arguments.swift */ = {isa = PBXFileReference; fileEncoding = 4; lastKnownFileType = sourcecode.swift; path = Arguments.swift; sourceTree = "<group>"; };
		2A18B33B1D5E598300AC312F /* DelegateProxy.h */ = {isa = PBXFileReference; fileEncoding = 4; lastKnownFileType = sourcecode.c.h; path = DelegateProxy.h; sourceTree = "<group>"; };
		2A18B33C1D5E598300AC312F /* DelegateProxy.swift */ = {isa = PBXFileReference; fileEncoding = 4; lastKnownFileType = sourcecode.swift; path = DelegateProxy.swift; sourceTree = "<group>"; };
		2A18B33D1D5E598300AC312F /* DPDelegateProxy.h */ = {isa = PBXFileReference; fileEncoding = 4; lastKnownFileType = sourcecode.c.h; path = DPDelegateProxy.h; sourceTree = "<group>"; };
		2A18B33E1D5E598300AC312F /* DPDelegateProxy.m */ = {isa = PBXFileReference; fileEncoding = 4; lastKnownFileType = sourcecode.c.objc; path = DPDelegateProxy.m; sourceTree = "<group>"; };
		2A18B33F1D5E598300AC312F /* DPRuntime.h */ = {isa = PBXFileReference; fileEncoding = 4; lastKnownFileType = sourcecode.c.h; path = DPRuntime.h; sourceTree = "<group>"; };
		2A18B3401D5E598300AC312F /* DPRuntime.m */ = {isa = PBXFileReference; fileEncoding = 4; lastKnownFileType = sourcecode.c.objc; path = DPRuntime.m; sourceTree = "<group>"; };
		2A18B3411D5E598300AC312F /* Info.plist */ = {isa = PBXFileReference; fileEncoding = 4; lastKnownFileType = text.plist.xml; path = Info.plist; sourceTree = "<group>"; };
		2A18B3421D5E598300AC312F /* Receivable.swift */ = {isa = PBXFileReference; fileEncoding = 4; lastKnownFileType = sourcecode.swift; path = Receivable.swift; sourceTree = "<group>"; };
		2A18B3431D5E598300AC312F /* Receiver.swift */ = {isa = PBXFileReference; fileEncoding = 4; lastKnownFileType = sourcecode.swift; path = Receiver.swift; sourceTree = "<group>"; };
		2A18B34D1D5E599500AC312F /* AssociatedDelegateProxyTests.swift */ = {isa = PBXFileReference; fileEncoding = 4; lastKnownFileType = sourcecode.swift; path = AssociatedDelegateProxyTests.swift; sourceTree = "<group>"; };
		2A18B34E1D5E599500AC312F /* DelegateProxyTests.swift */ = {isa = PBXFileReference; fileEncoding = 4; lastKnownFileType = sourcecode.swift; path = DelegateProxyTests.swift; sourceTree = "<group>"; };
		2A18B35F1D5E5B9B00AC312F /* DelegateTester.swift */ = {isa = PBXFileReference; fileEncoding = 4; lastKnownFileType = sourcecode.swift; path = DelegateTester.swift; sourceTree = "<group>"; };
		2A6750871D678E4E00E9F360 /* DelegateProxyType.swift */ = {isa = PBXFileReference; fileEncoding = 4; lastKnownFileType = sourcecode.swift; path = DelegateProxyType.swift; sourceTree = "<group>"; };
		2AB10F031DA18445004C3CC1 /* DelegateProxy.framework */ = {isa = PBXFileReference; explicitFileType = wrapper.framework; includeInIndex = 0; path = DelegateProxy.framework; sourceTree = BUILT_PRODUCTS_DIR; };
		2AB10F191DA1866A004C3CC1 /* DelegateProxyTests.xctest */ = {isa = PBXFileReference; explicitFileType = wrapper.cfbundle; includeInIndex = 0; path = DelegateProxyTests.xctest; sourceTree = BUILT_PRODUCTS_DIR; };
		2AB10F271DA18808004C3CC1 /* Info.plist */ = {isa = PBXFileReference; fileEncoding = 4; lastKnownFileType = text.plist.xml; path = Info.plist; sourceTree = "<group>"; };
/* End PBXFileReference section */

/* Begin PBXFrameworksBuildPhase section */
		2AB10EFF1DA18445004C3CC1 /* Frameworks */ = {
			isa = PBXFrameworksBuildPhase;
			buildActionMask = 2147483647;
			files = (
			);
			runOnlyForDeploymentPostprocessing = 0;
		};
		2AB10F161DA1866A004C3CC1 /* Frameworks */ = {
			isa = PBXFrameworksBuildPhase;
			buildActionMask = 2147483647;
			files = (
				2AB10F1E1DA1866B004C3CC1 /* DelegateProxy.framework in Frameworks */,
			);
			runOnlyForDeploymentPostprocessing = 0;
		};
/* End PBXFrameworksBuildPhase section */

/* Begin PBXGroup section */
		2A14F8431D57B61B00656679 = {
			isa = PBXGroup;
			children = (
				2A18B3381D5E598300AC312F /* Sources */,
				2A18B34C1D5E599500AC312F /* Tests */,
				2A14F84E1D57B61B00656679 /* Products */,
			);
			sourceTree = "<group>";
		};
		2A14F84E1D57B61B00656679 /* Products */ = {
			isa = PBXGroup;
			children = (
				2AB10F031DA18445004C3CC1 /* DelegateProxy.framework */,
				2AB10F191DA1866A004C3CC1 /* DelegateProxyTests.xctest */,
			);
			name = Products;
			sourceTree = "<group>";
		};
		2A18B3381D5E598300AC312F /* Sources */ = {
			isa = PBXGroup;
			children = (
				2A18B33C1D5E598300AC312F /* DelegateProxy.swift */,
				2A6750871D678E4E00E9F360 /* DelegateProxyType.swift */,
				2A18B3391D5E598300AC312F /* Arguments.swift */,
				2A18B3421D5E598300AC312F /* Receivable.swift */,
				2A18B3431D5E598300AC312F /* Receiver.swift */,
				2A18B33D1D5E598300AC312F /* DPDelegateProxy.h */,
				2A18B33E1D5E598300AC312F /* DPDelegateProxy.m */,
				2A18B33F1D5E598300AC312F /* DPRuntime.h */,
				2A18B3401D5E598300AC312F /* DPRuntime.m */,
				2A18B33B1D5E598300AC312F /* DelegateProxy.h */,
				2A18B3411D5E598300AC312F /* Info.plist */,
			);
			path = Sources;
			sourceTree = "<group>";
		};
		2A18B34C1D5E599500AC312F /* Tests */ = {
			isa = PBXGroup;
			children = (
				2AB10F271DA18808004C3CC1 /* Info.plist */,
				2A18B34E1D5E599500AC312F /* DelegateProxyTests.swift */,
				2A18B34D1D5E599500AC312F /* AssociatedDelegateProxyTests.swift */,
				2A18B35F1D5E5B9B00AC312F /* DelegateTester.swift */,
			);
			path = Tests;
			sourceTree = "<group>";
		};
/* End PBXGroup section */

/* Begin PBXHeadersBuildPhase section */
		2AB10F001DA18445004C3CC1 /* Headers */ = {
			isa = PBXHeadersBuildPhase;
			buildActionMask = 2147483647;
			files = (
				2AB10F0B1DA185EE004C3CC1 /* DPDelegateProxy.h in Headers */,
				2AB10F0C1DA185EE004C3CC1 /* DPRuntime.h in Headers */,
				2AB10F0D1DA185EE004C3CC1 /* DelegateProxy.h in Headers */,
			);
			runOnlyForDeploymentPostprocessing = 0;
		};
/* End PBXHeadersBuildPhase section */

/* Begin PBXNativeTarget section */
		2AB10F021DA18445004C3CC1 /* DelegateProxy */ = {
			isa = PBXNativeTarget;
			buildConfigurationList = 2AB10F0A1DA18446004C3CC1 /* Build configuration list for PBXNativeTarget "DelegateProxy" */;
			buildPhases = (
				2AB10EFE1DA18445004C3CC1 /* Sources */,
				2AB10EFF1DA18445004C3CC1 /* Frameworks */,
				2AB10F001DA18445004C3CC1 /* Headers */,
				2AB10F011DA18445004C3CC1 /* Resources */,
			);
			buildRules = (
			);
			dependencies = (
			);
			name = DelegateProxy;
			productName = DelegateProxy;
			productReference = 2AB10F031DA18445004C3CC1 /* DelegateProxy.framework */;
			productType = "com.apple.product-type.framework";
		};
		2AB10F181DA1866A004C3CC1 /* DelegateProxyTests */ = {
			isa = PBXNativeTarget;
			buildConfigurationList = 2AB10F211DA1866B004C3CC1 /* Build configuration list for PBXNativeTarget "DelegateProxyTests" */;
			buildPhases = (
				2AB10F151DA1866A004C3CC1 /* Sources */,
				2AB10F161DA1866A004C3CC1 /* Frameworks */,
				2AB10F171DA1866A004C3CC1 /* Resources */,
			);
			buildRules = (
			);
			dependencies = (
				2AB10F201DA1866B004C3CC1 /* PBXTargetDependency */,
			);
			name = DelegateProxyTests;
			productName = DelegateProxyTests;
			productReference = 2AB10F191DA1866A004C3CC1 /* DelegateProxyTests.xctest */;
			productType = "com.apple.product-type.bundle.unit-test";
		};
/* End PBXNativeTarget section */

/* Begin PBXProject section */
		2A14F8441D57B61B00656679 /* Project object */ = {
			isa = PBXProject;
			attributes = {
				LastSwiftUpdateCheck = 0800;
				LastUpgradeCheck = 0800;
				ORGANIZATIONNAME = "Ryo Aoyama";
				TargetAttributes = {
					2AB10F021DA18445004C3CC1 = {
						CreatedOnToolsVersion = 8.0;
						ProvisioningStyle = Manual;
					};
					2AB10F181DA1866A004C3CC1 = {
						CreatedOnToolsVersion = 8.0;
						ProvisioningStyle = Manual;
					};
				};
			};
			buildConfigurationList = 2A14F8471D57B61B00656679 /* Build configuration list for PBXProject "DelegateProxy" */;
			compatibilityVersion = "Xcode 3.2";
			developmentRegion = English;
			hasScannedForEncodings = 0;
			knownRegions = (
				en,
			);
			mainGroup = 2A14F8431D57B61B00656679;
			productRefGroup = 2A14F84E1D57B61B00656679 /* Products */;
			projectDirPath = "";
			projectRoot = "";
			targets = (
				2AB10F021DA18445004C3CC1 /* DelegateProxy */,
				2AB10F181DA1866A004C3CC1 /* DelegateProxyTests */,
			);
		};
/* End PBXProject section */

/* Begin PBXResourcesBuildPhase section */
		2AB10F011DA18445004C3CC1 /* Resources */ = {
			isa = PBXResourcesBuildPhase;
			buildActionMask = 2147483647;
			files = (
				2AB10F281DA18808004C3CC1 /* Info.plist in Resources */,
			);
			runOnlyForDeploymentPostprocessing = 0;
		};
		2AB10F171DA1866A004C3CC1 /* Resources */ = {
			isa = PBXResourcesBuildPhase;
			buildActionMask = 2147483647;
			files = (
			);
			runOnlyForDeploymentPostprocessing = 0;
		};
/* End PBXResourcesBuildPhase section */

/* Begin PBXSourcesBuildPhase section */
		2AB10EFE1DA18445004C3CC1 /* Sources */ = {
			isa = PBXSourcesBuildPhase;
			buildActionMask = 2147483647;
			files = (
				2AB10F0E1DA18601004C3CC1 /* DelegateProxy.swift in Sources */,
				2AB10F0F1DA18601004C3CC1 /* DelegateProxyType.swift in Sources */,
				2AB10F101DA18601004C3CC1 /* Arguments.swift in Sources */,
				2AB10F111DA18601004C3CC1 /* Receivable.swift in Sources */,
				2AB10F121DA18601004C3CC1 /* Receiver.swift in Sources */,
				2AB10F131DA18601004C3CC1 /* DPDelegateProxy.m in Sources */,
				2AB10F141DA18601004C3CC1 /* DPRuntime.m in Sources */,
			);
			runOnlyForDeploymentPostprocessing = 0;
		};
		2AB10F151DA1866A004C3CC1 /* Sources */ = {
			isa = PBXSourcesBuildPhase;
			buildActionMask = 2147483647;
			files = (
				2AB10F241DA18755004C3CC1 /* DelegateProxyTests.swift in Sources */,
				2AB10F251DA18755004C3CC1 /* AssociatedDelegateProxyTests.swift in Sources */,
				2AB10F261DA18755004C3CC1 /* DelegateTester.swift in Sources */,
			);
			runOnlyForDeploymentPostprocessing = 0;
		};
/* End PBXSourcesBuildPhase section */

/* Begin PBXTargetDependency section */
		2AB10F201DA1866B004C3CC1 /* PBXTargetDependency */ = {
			isa = PBXTargetDependency;
			target = 2AB10F021DA18445004C3CC1 /* DelegateProxy */;
			targetProxy = 2AB10F1F1DA1866B004C3CC1 /* PBXContainerItemProxy */;
		};
/* End PBXTargetDependency section */

/* Begin XCBuildConfiguration section */
		2A14F8531D57B61B00656679 /* Debug */ = {
			isa = XCBuildConfiguration;
			buildSettings = {
				ALWAYS_SEARCH_USER_PATHS = NO;
				APPLICATION_EXTENSION_API_ONLY = YES;
				CLANG_ANALYZER_NONNULL = NO;
				CLANG_CXX_LANGUAGE_STANDARD = "gnu++0x";
				CLANG_CXX_LIBRARY = "libc++";
				CLANG_ENABLE_MODULES = YES;
				CLANG_ENABLE_OBJC_ARC = YES;
				CLANG_WARN_BOOL_CONVERSION = YES;
				CLANG_WARN_CONSTANT_CONVERSION = YES;
				CLANG_WARN_DIRECT_OBJC_ISA_USAGE = YES_ERROR;
				CLANG_WARN_EMPTY_BODY = YES;
				CLANG_WARN_ENUM_CONVERSION = YES;
				CLANG_WARN_INFINITE_RECURSION = YES;
				CLANG_WARN_INT_CONVERSION = YES;
				CLANG_WARN_OBJC_ROOT_CLASS = YES_ERROR;
				CLANG_WARN_SUSPICIOUS_MOVE = YES;
				CLANG_WARN_UNREACHABLE_CODE = YES;
				CLANG_WARN__DUPLICATE_METHOD_MATCH = YES;
				"CODE_SIGN_IDENTITY[sdk=iphoneos*]" = "";
				COPY_PHASE_STRIP = NO;
				CURRENT_PROJECT_VERSION = 1;
				DEBUG_INFORMATION_FORMAT = dwarf;
				ENABLE_STRICT_OBJC_MSGSEND = YES;
				ENABLE_TESTABILITY = YES;
				GCC_C_LANGUAGE_STANDARD = gnu99;
				GCC_DYNAMIC_NO_PIC = NO;
				GCC_NO_COMMON_BLOCKS = YES;
				GCC_OPTIMIZATION_LEVEL = 0;
				GCC_PREPROCESSOR_DEFINITIONS = (
					"DEBUG=1",
					"$(inherited)",
				);
				GCC_WARN_64_TO_32_BIT_CONVERSION = YES;
				GCC_WARN_ABOUT_RETURN_TYPE = YES_ERROR;
				GCC_WARN_UNDECLARED_SELECTOR = YES;
				GCC_WARN_UNINITIALIZED_AUTOS = YES_AGGRESSIVE;
				GCC_WARN_UNUSED_FUNCTION = YES;
				GCC_WARN_UNUSED_VARIABLE = YES;
				IPHONEOS_DEPLOYMENT_TARGET = 8.0;
				MACOSX_DEPLOYMENT_TARGET = 10.9;
				MTL_ENABLE_DEBUG_INFO = YES;
				ONLY_ACTIVE_ARCH = YES;
				SDKROOT = iphoneos;
				SUPPORTED_PLATFORMS = "iphonesimulator iphoneos";
				SWIFT_OPTIMIZATION_LEVEL = "-Onone";
				SWIFT_VERSION = 3.0;
				TARGETED_DEVICE_FAMILY = "1,2";
				TVOS_DEPLOYMENT_TARGET = 9.0;
				VERSIONING_SYSTEM = "apple-generic";
				VERSION_INFO_PREFIX = "";
				WATCHOS_DEPLOYMENT_TARGET = 2.0;
			};
			name = Debug;
		};
		2A14F8541D57B61B00656679 /* Release */ = {
			isa = XCBuildConfiguration;
			buildSettings = {
				ALWAYS_SEARCH_USER_PATHS = NO;
				APPLICATION_EXTENSION_API_ONLY = YES;
				CLANG_ANALYZER_NONNULL = NO;
				CLANG_CXX_LANGUAGE_STANDARD = "gnu++0x";
				CLANG_CXX_LIBRARY = "libc++";
				CLANG_ENABLE_MODULES = YES;
				CLANG_ENABLE_OBJC_ARC = YES;
				CLANG_WARN_BOOL_CONVERSION = YES;
				CLANG_WARN_CONSTANT_CONVERSION = YES;
				CLANG_WARN_DIRECT_OBJC_ISA_USAGE = YES_ERROR;
				CLANG_WARN_EMPTY_BODY = YES;
				CLANG_WARN_ENUM_CONVERSION = YES;
				CLANG_WARN_INFINITE_RECURSION = YES;
				CLANG_WARN_INT_CONVERSION = YES;
				CLANG_WARN_OBJC_ROOT_CLASS = YES_ERROR;
				CLANG_WARN_SUSPICIOUS_MOVE = YES;
				CLANG_WARN_UNREACHABLE_CODE = YES;
				CLANG_WARN__DUPLICATE_METHOD_MATCH = YES;
				"CODE_SIGN_IDENTITY[sdk=iphoneos*]" = "";
				COPY_PHASE_STRIP = NO;
				CURRENT_PROJECT_VERSION = 1;
				DEBUG_INFORMATION_FORMAT = "dwarf-with-dsym";
				ENABLE_NS_ASSERTIONS = NO;
				ENABLE_STRICT_OBJC_MSGSEND = YES;
				GCC_C_LANGUAGE_STANDARD = gnu99;
				GCC_NO_COMMON_BLOCKS = YES;
				GCC_WARN_64_TO_32_BIT_CONVERSION = YES;
				GCC_WARN_ABOUT_RETURN_TYPE = YES_ERROR;
				GCC_WARN_UNDECLARED_SELECTOR = YES;
				GCC_WARN_UNINITIALIZED_AUTOS = YES_AGGRESSIVE;
				GCC_WARN_UNUSED_FUNCTION = YES;
				GCC_WARN_UNUSED_VARIABLE = YES;
				IPHONEOS_DEPLOYMENT_TARGET = 8.0;
				MACOSX_DEPLOYMENT_TARGET = 10.9;
				MTL_ENABLE_DEBUG_INFO = NO;
				SDKROOT = iphoneos;
				SUPPORTED_PLATFORMS = "iphonesimulator iphoneos";
				SWIFT_OPTIMIZATION_LEVEL = "-Owholemodule";
				SWIFT_VERSION = 3.0;
				TARGETED_DEVICE_FAMILY = "1,2";
				TVOS_DEPLOYMENT_TARGET = 9.0;
				VALIDATE_PRODUCT = YES;
				VERSIONING_SYSTEM = "apple-generic";
				VERSION_INFO_PREFIX = "";
				WATCHOS_DEPLOYMENT_TARGET = 2.0;
			};
			name = Release;
		};
		2AB10F081DA18446004C3CC1 /* Debug */ = {
			isa = XCBuildConfiguration;
			buildSettings = {
				CLANG_ANALYZER_NONNULL = YES;
				CLANG_WARN_DOCUMENTATION_COMMENTS = YES;
				CLANG_WARN_SUSPICIOUS_MOVES = YES;
				CODE_SIGNING_REQUIRED = NO;
				CODE_SIGN_IDENTITY = "";
				COMBINE_HIDPI_IMAGES = YES;
				DEFINES_MODULE = YES;
				DEVELOPMENT_TEAM = "";
				DYLIB_COMPATIBILITY_VERSION = 1;
				DYLIB_CURRENT_VERSION = 1;
				DYLIB_INSTALL_NAME_BASE = "@rpath";
				FRAMEWORK_VERSION = A;
				INFOPLIST_FILE = Sources/Info.plist;
				INSTALL_PATH = "$(LOCAL_LIBRARY_DIR)/Frameworks";
				LD_RUNPATH_SEARCH_PATHS = "$(inherited) @executable_path/../Frameworks @loader_path/Frameworks";
				MACOSX_DEPLOYMENT_TARGET = 10.9;
				PRODUCT_BUNDLE_IDENTIFIER = com.ryo.DelegateProxy;
				PRODUCT_NAME = "$(TARGET_NAME)";
				SDKROOT = "";
				SKIP_INSTALL = YES;
				SUPPORTED_PLATFORMS = "macosx iphoneos iphonesimulator watchos watchsimulator appletvos appletvsimulator";
				SWIFT_ACTIVE_COMPILATION_CONDITIONS = DEBUG;
				SWIFT_OPTIMIZATION_LEVEL = "-Owholemodule";
				SWIFT_VERSION = 3.0;
				TARGETED_DEVICE_FAMILY = "1,2,3,4";
				VALID_ARCHS = "i386 x86_64 arm64 armv7 armv7s armv7k";
			};
			name = Debug;
		};
		2AB10F091DA18446004C3CC1 /* Release */ = {
			isa = XCBuildConfiguration;
			buildSettings = {
				CLANG_ANALYZER_NONNULL = YES;
				CLANG_WARN_DOCUMENTATION_COMMENTS = YES;
				CLANG_WARN_SUSPICIOUS_MOVES = YES;
				CODE_SIGNING_REQUIRED = NO;
				CODE_SIGN_IDENTITY = "";
				COMBINE_HIDPI_IMAGES = YES;
				DEFINES_MODULE = YES;
				DEVELOPMENT_TEAM = "";
				DYLIB_COMPATIBILITY_VERSION = 1;
				DYLIB_CURRENT_VERSION = 1;
				DYLIB_INSTALL_NAME_BASE = "@rpath";
				FRAMEWORK_VERSION = A;
				INFOPLIST_FILE = Sources/Info.plist;
				INSTALL_PATH = "$(LOCAL_LIBRARY_DIR)/Frameworks";
				LD_RUNPATH_SEARCH_PATHS = "$(inherited) @executable_path/../Frameworks @loader_path/Frameworks";
				MACOSX_DEPLOYMENT_TARGET = 10.9;
				PRODUCT_BUNDLE_IDENTIFIER = com.ryo.DelegateProxy;
				PRODUCT_NAME = "$(TARGET_NAME)";
				SDKROOT = "";
				SKIP_INSTALL = YES;
				SUPPORTED_PLATFORMS = "macosx iphoneos iphonesimulator watchos watchsimulator appletvos appletvsimulator";
				SWIFT_VERSION = 3.0;
				TARGETED_DEVICE_FAMILY = "1,2,3,4";
				VALID_ARCHS = "i386 x86_64 arm64 armv7 armv7s armv7k";
			};
			name = Release;
		};
		2AB10F221DA1866B004C3CC1 /* Debug */ = {
			isa = XCBuildConfiguration;
			buildSettings = {
				APPLICATION_EXTENSION_API_ONLY = NO;
				CLANG_ANALYZER_NONNULL = YES;
				CLANG_WARN_DOCUMENTATION_COMMENTS = YES;
				CLANG_WARN_SUSPICIOUS_MOVES = YES;
				CODE_SIGN_IDENTITY = "";
				COMBINE_HIDPI_IMAGES = YES;
				DEVELOPMENT_TEAM = "";
				INFOPLIST_FILE = Tests/Info.plist;
				LD_RUNPATH_SEARCH_PATHS = "$(inherited) @executable_path/../Frameworks @loader_path/../Frameworks";
				MACOSX_DEPLOYMENT_TARGET = 10.9;
				PRODUCT_BUNDLE_IDENTIFIER = com.ryo.DelegateProxyTests;
				PRODUCT_NAME = "$(TARGET_NAME)";
				SDKROOT = "";
				SUPPORTED_PLATFORMS = "macosx iphoneos iphonesimulator watchos watchsimulator appletvos appletvsimulator";
				SWIFT_ACTIVE_COMPILATION_CONDITIONS = DEBUG;
				SWIFT_OPTIMIZATION_LEVEL = "-Owholemodule";
				SWIFT_VERSION = 3.0;
				TARGETED_DEVICE_FAMILY = "1,2,3,4";
				VALID_ARCHS = "i386 x86_64 arm64 armv7 armv7s armv7k";
			};
			name = Debug;
		};
		2AB10F231DA1866B004C3CC1 /* Release */ = {
			isa = XCBuildConfiguration;
			buildSettings = {
				APPLICATION_EXTENSION_API_ONLY = NO;
				CLANG_ANALYZER_NONNULL = YES;
				CLANG_WARN_DOCUMENTATION_COMMENTS = YES;
				CLANG_WARN_SUSPICIOUS_MOVES = YES;
				CODE_SIGN_IDENTITY = "";
				COMBINE_HIDPI_IMAGES = YES;
				DEVELOPMENT_TEAM = "";
				INFOPLIST_FILE = Tests/Info.plist;
				LD_RUNPATH_SEARCH_PATHS = "$(inherited) @executable_path/../Frameworks @loader_path/../Frameworks";
				MACOSX_DEPLOYMENT_TARGET = 10.9;
				PRODUCT_BUNDLE_IDENTIFIER = com.ryo.DelegateProxyTests;
				PRODUCT_NAME = "$(TARGET_NAME)";
				SDKROOT = "";
				SUPPORTED_PLATFORMS = "macosx iphoneos iphonesimulator watchos watchsimulator appletvos appletvsimulator";
				SWIFT_VERSION = 3.0;
				TARGETED_DEVICE_FAMILY = "1,2,3,4";
				VALID_ARCHS = "i386 x86_64 arm64 armv7 armv7s armv7k";
			};
			name = Release;
		};
/* End XCBuildConfiguration section */

/* Begin XCConfigurationList section */
		2A14F8471D57B61B00656679 /* Build configuration list for PBXProject "DelegateProxy" */ = {
			isa = XCConfigurationList;
			buildConfigurations = (
				2A14F8531D57B61B00656679 /* Debug */,
				2A14F8541D57B61B00656679 /* Release */,
			);
			defaultConfigurationIsVisible = 0;
			defaultConfigurationName = Release;
		};
		2AB10F0A1DA18446004C3CC1 /* Build configuration list for PBXNativeTarget "DelegateProxy" */ = {
			isa = XCConfigurationList;
			buildConfigurations = (
				2AB10F081DA18446004C3CC1 /* Debug */,
				2AB10F091DA18446004C3CC1 /* Release */,
			);
			defaultConfigurationIsVisible = 0;
			defaultConfigurationName = Release;
		};
		2AB10F211DA1866B004C3CC1 /* Build configuration list for PBXNativeTarget "DelegateProxyTests" */ = {
			isa = XCConfigurationList;
			buildConfigurations = (
				2AB10F221DA1866B004C3CC1 /* Debug */,
				2AB10F231DA1866B004C3CC1 /* Release */,
			);
			defaultConfigurationIsVisible = 0;
			defaultConfigurationName = Release;
		};
/* End XCConfigurationList section */
	};
	rootObject = 2A14F8441D57B61B00656679 /* Project object */;
}
